// !$*UTF8*$!
{
	archiveVersion = 1;
	classes = {
	};
	objectVersion = 56;
	objects = {

/* Begin PBXBuildFile section */
		921170C82AE75F6000E7DE78 /* NetworkingManager.swift in Sources */ = {isa = PBXBuildFile; fileRef = 921170C72AE75F6000E7DE78 /* NetworkingManager.swift */; };
		92409FF02AE223DA00C57FC4 /* HomeViewModel.swift in Sources */ = {isa = PBXBuildFile; fileRef = 92409FEF2AE223DA00C57FC4 /* HomeViewModel.swift */; };
		92409FF32AE22BF900C57FC4 /* CoinDataService.swift in Sources */ = {isa = PBXBuildFile; fileRef = 92409FF22AE22BF900C57FC4 /* CoinDataService.swift */; };
		92D58BB22ADE6B7800E1B1F8 /* CryptoAppApp.swift in Sources */ = {isa = PBXBuildFile; fileRef = 92D58BB12ADE6B7800E1B1F8 /* CryptoAppApp.swift */; };
		92D58BB42ADE6B7800E1B1F8 /* ContentView.swift in Sources */ = {isa = PBXBuildFile; fileRef = 92D58BB32ADE6B7800E1B1F8 /* ContentView.swift */; };
		92D58BB62ADE6B7A00E1B1F8 /* Assets.xcassets in Resources */ = {isa = PBXBuildFile; fileRef = 92D58BB52ADE6B7A00E1B1F8 /* Assets.xcassets */; };
		92D58BB92ADE6B7A00E1B1F8 /* Preview Assets.xcassets in Resources */ = {isa = PBXBuildFile; fileRef = 92D58BB82ADE6B7A00E1B1F8 /* Preview Assets.xcassets */; };
		92D58BC12ADE6DC400E1B1F8 /* Color.swift in Sources */ = {isa = PBXBuildFile; fileRef = 92D58BC02ADE6DC400E1B1F8 /* Color.swift */; };
		92D58BC72ADE739E00E1B1F8 /* HomeView.swift in Sources */ = {isa = PBXBuildFile; fileRef = 92D58BC62ADE739E00E1B1F8 /* HomeView.swift */; };
		92D58BCB2ADE74C600E1B1F8 /* CircleButtonView.swift in Sources */ = {isa = PBXBuildFile; fileRef = 92D58BCA2ADE74C600E1B1F8 /* CircleButtonView.swift */; };
		92D58BCD2ADE7AC600E1B1F8 /* CircleButtonAnimationView.swift in Sources */ = {isa = PBXBuildFile; fileRef = 92D58BCC2ADE7AC600E1B1F8 /* CircleButtonAnimationView.swift */; };
		92D58BD02ADE828100E1B1F8 /* CoinModel.swift in Sources */ = {isa = PBXBuildFile; fileRef = 92D58BCF2ADE828100E1B1F8 /* CoinModel.swift */; };
		92D58BD22ADE8D8500E1B1F8 /* CoinRowView.swift in Sources */ = {isa = PBXBuildFile; fileRef = 92D58BD12ADE8D8500E1B1F8 /* CoinRowView.swift */; };
		92D58BD42ADE8DB600E1B1F8 /* PreviewProvider.swift in Sources */ = {isa = PBXBuildFile; fileRef = 92D58BD32ADE8DB600E1B1F8 /* PreviewProvider.swift */; };
		92D58BD62ADE915D00E1B1F8 /* Double.swift in Sources */ = {isa = PBXBuildFile; fileRef = 92D58BD52ADE915D00E1B1F8 /* Double.swift */; };
/* End PBXBuildFile section */

/* Begin PBXFileReference section */
		921170C72AE75F6000E7DE78 /* NetworkingManager.swift */ = {isa = PBXFileReference; lastKnownFileType = sourcecode.swift; path = NetworkingManager.swift; sourceTree = "<group>"; };
		92409FEF2AE223DA00C57FC4 /* HomeViewModel.swift */ = {isa = PBXFileReference; lastKnownFileType = sourcecode.swift; path = HomeViewModel.swift; sourceTree = "<group>"; };
		92409FF22AE22BF900C57FC4 /* CoinDataService.swift */ = {isa = PBXFileReference; lastKnownFileType = sourcecode.swift; path = CoinDataService.swift; sourceTree = "<group>"; };
		92D58BAE2ADE6B7800E1B1F8 /* CryptoApp.app */ = {isa = PBXFileReference; explicitFileType = wrapper.application; includeInIndex = 0; path = CryptoApp.app; sourceTree = BUILT_PRODUCTS_DIR; };
		92D58BB12ADE6B7800E1B1F8 /* CryptoAppApp.swift */ = {isa = PBXFileReference; lastKnownFileType = sourcecode.swift; path = CryptoAppApp.swift; sourceTree = "<group>"; };
		92D58BB32ADE6B7800E1B1F8 /* ContentView.swift */ = {isa = PBXFileReference; lastKnownFileType = sourcecode.swift; path = ContentView.swift; sourceTree = "<group>"; };
		92D58BB52ADE6B7A00E1B1F8 /* Assets.xcassets */ = {isa = PBXFileReference; lastKnownFileType = folder.assetcatalog; path = Assets.xcassets; sourceTree = "<group>"; };
		92D58BB82ADE6B7A00E1B1F8 /* Preview Assets.xcassets */ = {isa = PBXFileReference; lastKnownFileType = folder.assetcatalog; path = "Preview Assets.xcassets"; sourceTree = "<group>"; };
		92D58BC02ADE6DC400E1B1F8 /* Color.swift */ = {isa = PBXFileReference; lastKnownFileType = sourcecode.swift; path = Color.swift; sourceTree = "<group>"; };
		92D58BC62ADE739E00E1B1F8 /* HomeView.swift */ = {isa = PBXFileReference; lastKnownFileType = sourcecode.swift; path = HomeView.swift; sourceTree = "<group>"; };
		92D58BCA2ADE74C600E1B1F8 /* CircleButtonView.swift */ = {isa = PBXFileReference; lastKnownFileType = sourcecode.swift; path = CircleButtonView.swift; sourceTree = "<group>"; };
		92D58BCC2ADE7AC600E1B1F8 /* CircleButtonAnimationView.swift */ = {isa = PBXFileReference; lastKnownFileType = sourcecode.swift; path = CircleButtonAnimationView.swift; sourceTree = "<group>"; };
		92D58BCF2ADE828100E1B1F8 /* CoinModel.swift */ = {isa = PBXFileReference; lastKnownFileType = sourcecode.swift; path = CoinModel.swift; sourceTree = "<group>"; };
		92D58BD12ADE8D8500E1B1F8 /* CoinRowView.swift */ = {isa = PBXFileReference; lastKnownFileType = sourcecode.swift; path = CoinRowView.swift; sourceTree = "<group>"; };
		92D58BD32ADE8DB600E1B1F8 /* PreviewProvider.swift */ = {isa = PBXFileReference; lastKnownFileType = sourcecode.swift; path = PreviewProvider.swift; sourceTree = "<group>"; };
		92D58BD52ADE915D00E1B1F8 /* Double.swift */ = {isa = PBXFileReference; lastKnownFileType = sourcecode.swift; path = Double.swift; sourceTree = "<group>"; };
/* End PBXFileReference section */

/* Begin PBXFrameworksBuildPhase section */
		92D58BAB2ADE6B7800E1B1F8 /* Frameworks */ = {
			isa = PBXFrameworksBuildPhase;
			buildActionMask = 2147483647;
			files = (
			);
			runOnlyForDeploymentPostprocessing = 0;
		};
/* End PBXFrameworksBuildPhase section */

/* Begin PBXGroup section */
		92409FF12AE22BD200C57FC4 /* Services */ = {
			isa = PBXGroup;
			children = (
				92409FF22AE22BF900C57FC4 /* CoinDataService.swift */,
			);
			path = Services;
			sourceTree = "<group>";
		};
		92409FF42AE23B7900C57FC4 /* Utilities */ = {
			isa = PBXGroup;
			children = (
				921170C72AE75F6000E7DE78 /* NetworkingManager.swift */,
			);
			path = Utilities;
			sourceTree = "<group>";
		};
		92D58BA52ADE6B7800E1B1F8 = {
			isa = PBXGroup;
			children = (
				92D58BB02ADE6B7800E1B1F8 /* CryptoApp */,
				92D58BAF2ADE6B7800E1B1F8 /* Products */,
			);
			sourceTree = "<group>";
		};
		92D58BAF2ADE6B7800E1B1F8 /* Products */ = {
			isa = PBXGroup;
			children = (
				92D58BAE2ADE6B7800E1B1F8 /* CryptoApp.app */,
			);
			name = Products;
			sourceTree = "<group>";
		};
		92D58BB02ADE6B7800E1B1F8 /* CryptoApp */ = {
			isa = PBXGroup;
			children = (
				92409FF42AE23B7900C57FC4 /* Utilities */,
				92409FF12AE22BD200C57FC4 /* Services */,
				92D58BCE2ADE826000E1B1F8 /* Models */,
				92D58BC22ADE732F00E1B1F8 /* Core */,
				92D58BBF2ADE6DA800E1B1F8 /* Extensions */,
				92D58BB12ADE6B7800E1B1F8 /* CryptoAppApp.swift */,
				92D58BB32ADE6B7800E1B1F8 /* ContentView.swift */,
				92D58BB52ADE6B7A00E1B1F8 /* Assets.xcassets */,
				92D58BB72ADE6B7A00E1B1F8 /* Preview Content */,
			);
			path = CryptoApp;
			sourceTree = "<group>";
		};
		92D58BB72ADE6B7A00E1B1F8 /* Preview Content */ = {
			isa = PBXGroup;
			children = (
				92D58BB82ADE6B7A00E1B1F8 /* Preview Assets.xcassets */,
			);
			path = "Preview Content";
			sourceTree = "<group>";
		};
		92D58BBF2ADE6DA800E1B1F8 /* Extensions */ = {
			isa = PBXGroup;
			children = (
				92D58BC02ADE6DC400E1B1F8 /* Color.swift */,
				92D58BD32ADE8DB600E1B1F8 /* PreviewProvider.swift */,
				92D58BD52ADE915D00E1B1F8 /* Double.swift */,
			);
			path = Extensions;
			sourceTree = "<group>";
		};
		92D58BC22ADE732F00E1B1F8 /* Core */ = {
			isa = PBXGroup;
			children = (
				92D58BC82ADE748F00E1B1F8 /* Components */,
				92D58BC32ADE733B00E1B1F8 /* Home */,
			);
			path = Core;
			sourceTree = "<group>";
		};
		92D58BC32ADE733B00E1B1F8 /* Home */ = {
			isa = PBXGroup;
			children = (
				92D58BC52ADE737D00E1B1F8 /* ViewModels */,
				92D58BC42ADE737700E1B1F8 /* Views */,
			);
			path = Home;
			sourceTree = "<group>";
		};
		92D58BC42ADE737700E1B1F8 /* Views */ = {
			isa = PBXGroup;
			children = (
				92D58BC62ADE739E00E1B1F8 /* HomeView.swift */,
				92D58BD12ADE8D8500E1B1F8 /* CoinRowView.swift */,
			);
			path = Views;
			sourceTree = "<group>";
		};
		92D58BC52ADE737D00E1B1F8 /* ViewModels */ = {
			isa = PBXGroup;
			children = (
				92409FEF2AE223DA00C57FC4 /* HomeViewModel.swift */,
			);
			path = ViewModels;
			sourceTree = "<group>";
		};
		92D58BC82ADE748F00E1B1F8 /* Components */ = {
			isa = PBXGroup;
			children = (
				92D58BC92ADE74B600E1B1F8 /* CircleButton */,
			);
			path = Components;
			sourceTree = "<group>";
		};
		92D58BC92ADE74B600E1B1F8 /* CircleButton */ = {
			isa = PBXGroup;
			children = (
				92D58BCA2ADE74C600E1B1F8 /* CircleButtonView.swift */,
				92D58BCC2ADE7AC600E1B1F8 /* CircleButtonAnimationView.swift */,
			);
			path = CircleButton;
			sourceTree = "<group>";
		};
		92D58BCE2ADE826000E1B1F8 /* Models */ = {
			isa = PBXGroup;
			children = (
				92D58BCF2ADE828100E1B1F8 /* CoinModel.swift */,
			);
			path = Models;
			sourceTree = "<group>";
		};
/* End PBXGroup section */

/* Begin PBXNativeTarget section */
		92D58BAD2ADE6B7800E1B1F8 /* CryptoApp */ = {
			isa = PBXNativeTarget;
			buildConfigurationList = 92D58BBC2ADE6B7A00E1B1F8 /* Build configuration list for PBXNativeTarget "CryptoApp" */;
			buildPhases = (
				92D58BAA2ADE6B7800E1B1F8 /* Sources */,
				92D58BAB2ADE6B7800E1B1F8 /* Frameworks */,
				92D58BAC2ADE6B7800E1B1F8 /* Resources */,
			);
			buildRules = (
			);
			dependencies = (
			);
			name = CryptoApp;
			productName = CryptoApp;
			productReference = 92D58BAE2ADE6B7800E1B1F8 /* CryptoApp.app */;
			productType = "com.apple.product-type.application";
		};
/* End PBXNativeTarget section */

/* Begin PBXProject section */
		92D58BA62ADE6B7800E1B1F8 /* Project object */ = {
			isa = PBXProject;
			attributes = {
				BuildIndependentTargetsInParallel = 1;
				LastSwiftUpdateCheck = 1410;
				LastUpgradeCheck = 1410;
				TargetAttributes = {
					92D58BAD2ADE6B7800E1B1F8 = {
						CreatedOnToolsVersion = 14.1;
					};
				};
			};
			buildConfigurationList = 92D58BA92ADE6B7800E1B1F8 /* Build configuration list for PBXProject "CryptoApp" */;
			compatibilityVersion = "Xcode 14.0";
			developmentRegion = en;
			hasScannedForEncodings = 0;
			knownRegions = (
				en,
				Base,
			);
			mainGroup = 92D58BA52ADE6B7800E1B1F8;
			productRefGroup = 92D58BAF2ADE6B7800E1B1F8 /* Products */;
			projectDirPath = "";
			projectRoot = "";
			targets = (
				92D58BAD2ADE6B7800E1B1F8 /* CryptoApp */,
			);
		};
/* End PBXProject section */

/* Begin PBXResourcesBuildPhase section */
		92D58BAC2ADE6B7800E1B1F8 /* Resources */ = {
			isa = PBXResourcesBuildPhase;
			buildActionMask = 2147483647;
			files = (
				92D58BB92ADE6B7A00E1B1F8 /* Preview Assets.xcassets in Resources */,
				92D58BB62ADE6B7A00E1B1F8 /* Assets.xcassets in Resources */,
			);
			runOnlyForDeploymentPostprocessing = 0;
		};
/* End PBXResourcesBuildPhase section */

/* Begin PBXSourcesBuildPhase section */
		92D58BAA2ADE6B7800E1B1F8 /* Sources */ = {
			isa = PBXSourcesBuildPhase;
			buildActionMask = 2147483647;
			files = (
				92409FF32AE22BF900C57FC4 /* CoinDataService.swift in Sources */,
				92D58BD22ADE8D8500E1B1F8 /* CoinRowView.swift in Sources */,
				92409FF02AE223DA00C57FC4 /* HomeViewModel.swift in Sources */,
				92D58BB42ADE6B7800E1B1F8 /* ContentView.swift in Sources */,
				92D58BC72ADE739E00E1B1F8 /* HomeView.swift in Sources */,
				92D58BB22ADE6B7800E1B1F8 /* CryptoAppApp.swift in Sources */,
				92D58BCB2ADE74C600E1B1F8 /* CircleButtonView.swift in Sources */,
				92D58BC12ADE6DC400E1B1F8 /* Color.swift in Sources */,
				921170C82AE75F6000E7DE78 /* NetworkingManager.swift in Sources */,
				92D58BCD2ADE7AC600E1B1F8 /* CircleButtonAnimationView.swift in Sources */,
				92D58BD42ADE8DB600E1B1F8 /* PreviewProvider.swift in Sources */,
				92D58BD62ADE915D00E1B1F8 /* Double.swift in Sources */,
				92D58BD02ADE828100E1B1F8 /* CoinModel.swift in Sources */,
			);
			runOnlyForDeploymentPostprocessing = 0;
		};
/* End PBXSourcesBuildPhase section */

/* Begin XCBuildConfiguration section */
		92D58BBA2ADE6B7A00E1B1F8 /* Debug */ = {
			isa = XCBuildConfiguration;
			buildSettings = {
				ALWAYS_SEARCH_USER_PATHS = NO;
				CLANG_ANALYZER_NONNULL = YES;
				CLANG_ANALYZER_NUMBER_OBJECT_CONVERSION = YES_AGGRESSIVE;
				CLANG_CXX_LANGUAGE_STANDARD = "gnu++20";
				CLANG_ENABLE_MODULES = YES;
				CLANG_ENABLE_OBJC_ARC = YES;
				CLANG_ENABLE_OBJC_WEAK = YES;
				CLANG_WARN_BLOCK_CAPTURE_AUTORELEASING = YES;
				CLANG_WARN_BOOL_CONVERSION = YES;
				CLANG_WARN_COMMA = YES;
				CLANG_WARN_CONSTANT_CONVERSION = YES;
				CLANG_WARN_DEPRECATED_OBJC_IMPLEMENTATIONS = YES;
				CLANG_WARN_DIRECT_OBJC_ISA_USAGE = YES_ERROR;
				CLANG_WARN_DOCUMENTATION_COMMENTS = YES;
				CLANG_WARN_EMPTY_BODY = YES;
				CLANG_WARN_ENUM_CONVERSION = YES;
				CLANG_WARN_INFINITE_RECURSION = YES;
				CLANG_WARN_INT_CONVERSION = YES;
				CLANG_WARN_NON_LITERAL_NULL_CONVERSION = YES;
				CLANG_WARN_OBJC_IMPLICIT_RETAIN_SELF = YES;
				CLANG_WARN_OBJC_LITERAL_CONVERSION = YES;
				CLANG_WARN_OBJC_ROOT_CLASS = YES_ERROR;
				CLANG_WARN_QUOTED_INCLUDE_IN_FRAMEWORK_HEADER = YES;
				CLANG_WARN_RANGE_LOOP_ANALYSIS = YES;
				CLANG_WARN_STRICT_PROTOTYPES = YES;
				CLANG_WARN_SUSPICIOUS_MOVE = YES;
				CLANG_WARN_UNGUARDED_AVAILABILITY = YES_AGGRESSIVE;
				CLANG_WARN_UNREACHABLE_CODE = YES;
				CLANG_WARN__DUPLICATE_METHOD_MATCH = YES;
				COPY_PHASE_STRIP = NO;
				DEBUG_INFORMATION_FORMAT = dwarf;
				ENABLE_STRICT_OBJC_MSGSEND = YES;
				ENABLE_TESTABILITY = YES;
				GCC_C_LANGUAGE_STANDARD = gnu11;
				GCC_DYNAMIC_NO_PIC = NO;
				GCC_NO_COMMON_BLOCKS = YES;
				GCC_OPTIMIZATION_LEVEL = 0;
				GCC_PREPROCESSOR_DEFINITIONS = (
					"DEBUG=1",
					"$(inherited)",
				);
				GCC_WARN_64_TO_32_BIT_CONVERSION = YES;
				GCC_WARN_ABOUT_RETURN_TYPE = YES_ERROR;
				GCC_WARN_UNDECLARED_SELECTOR = YES;
				GCC_WARN_UNINITIALIZED_AUTOS = YES_AGGRESSIVE;
				GCC_WARN_UNUSED_FUNCTION = YES;
				GCC_WARN_UNUSED_VARIABLE = YES;
				IPHONEOS_DEPLOYMENT_TARGET = 16.1;
				MTL_ENABLE_DEBUG_INFO = INCLUDE_SOURCE;
				MTL_FAST_MATH = YES;
				ONLY_ACTIVE_ARCH = YES;
				SDKROOT = iphoneos;
				SWIFT_ACTIVE_COMPILATION_CONDITIONS = DEBUG;
				SWIFT_OPTIMIZATION_LEVEL = "-Onone";
			};
			name = Debug;
		};
		92D58BBB2ADE6B7A00E1B1F8 /* Release */ = {
			isa = XCBuildConfiguration;
			buildSettings = {
				ALWAYS_SEARCH_USER_PATHS = NO;
				CLANG_ANALYZER_NONNULL = YES;
				CLANG_ANALYZER_NUMBER_OBJECT_CONVERSION = YES_AGGRESSIVE;
				CLANG_CXX_LANGUAGE_STANDARD = "gnu++20";
				CLANG_ENABLE_MODULES = YES;
				CLANG_ENABLE_OBJC_ARC = YES;
				CLANG_ENABLE_OBJC_WEAK = YES;
				CLANG_WARN_BLOCK_CAPTURE_AUTORELEASING = YES;
				CLANG_WARN_BOOL_CONVERSION = YES;
				CLANG_WARN_COMMA = YES;
				CLANG_WARN_CONSTANT_CONVERSION = YES;
				CLANG_WARN_DEPRECATED_OBJC_IMPLEMENTATIONS = YES;
				CLANG_WARN_DIRECT_OBJC_ISA_USAGE = YES_ERROR;
				CLANG_WARN_DOCUMENTATION_COMMENTS = YES;
				CLANG_WARN_EMPTY_BODY = YES;
				CLANG_WARN_ENUM_CONVERSION = YES;
				CLANG_WARN_INFINITE_RECURSION = YES;
				CLANG_WARN_INT_CONVERSION = YES;
				CLANG_WARN_NON_LITERAL_NULL_CONVERSION = YES;
				CLANG_WARN_OBJC_IMPLICIT_RETAIN_SELF = YES;
				CLANG_WARN_OBJC_LITERAL_CONVERSION = YES;
				CLANG_WARN_OBJC_ROOT_CLASS = YES_ERROR;
				CLANG_WARN_QUOTED_INCLUDE_IN_FRAMEWORK_HEADER = YES;
				CLANG_WARN_RANGE_LOOP_ANALYSIS = YES;
				CLANG_WARN_STRICT_PROTOTYPES = YES;
				CLANG_WARN_SUSPICIOUS_MOVE = YES;
				CLANG_WARN_UNGUARDED_AVAILABILITY = YES_AGGRESSIVE;
				CLANG_WARN_UNREACHABLE_CODE = YES;
				CLANG_WARN__DUPLICATE_METHOD_MATCH = YES;
				COPY_PHASE_STRIP = NO;
				DEBUG_INFORMATION_FORMAT = "dwarf-with-dsym";
				ENABLE_NS_ASSERTIONS = NO;
				ENABLE_STRICT_OBJC_MSGSEND = YES;
				GCC_C_LANGUAGE_STANDARD = gnu11;
				GCC_NO_COMMON_BLOCKS = YES;
				GCC_WARN_64_TO_32_BIT_CONVERSION = YES;
				GCC_WARN_ABOUT_RETURN_TYPE = YES_ERROR;
				GCC_WARN_UNDECLARED_SELECTOR = YES;
				GCC_WARN_UNINITIALIZED_AUTOS = YES_AGGRESSIVE;
				GCC_WARN_UNUSED_FUNCTION = YES;
				GCC_WARN_UNUSED_VARIABLE = YES;
				IPHONEOS_DEPLOYMENT_TARGET = 16.1;
				MTL_ENABLE_DEBUG_INFO = NO;
				MTL_FAST_MATH = YES;
				SDKROOT = iphoneos;
				SWIFT_COMPILATION_MODE = wholemodule;
				SWIFT_OPTIMIZATION_LEVEL = "-O";
				VALIDATE_PRODUCT = YES;
			};
			name = Release;
		};
		92D58BBD2ADE6B7A00E1B1F8 /* Debug */ = {
			isa = XCBuildConfiguration;
			buildSettings = {
				ASSETCATALOG_COMPILER_APPICON_NAME = AppIcon;
				ASSETCATALOG_COMPILER_GLOBAL_ACCENT_COLOR_NAME = AccentColor;
				CODE_SIGN_STYLE = Automatic;
				CURRENT_PROJECT_VERSION = 1;
				DEVELOPMENT_ASSET_PATHS = "\"CryptoApp/Preview Content\"";
				ENABLE_PREVIEWS = YES;
				GENERATE_INFOPLIST_FILE = YES;
				INFOPLIST_KEY_UIApplicationSceneManifest_Generation = YES;
				INFOPLIST_KEY_UIApplicationSupportsIndirectInputEvents = YES;
				INFOPLIST_KEY_UILaunchScreen_Generation = YES;
				INFOPLIST_KEY_UISupportedInterfaceOrientations_iPad = "UIInterfaceOrientationPortrait UIInterfaceOrientationPortraitUpsideDown UIInterfaceOrientationLandscapeLeft UIInterfaceOrientationLandscapeRight";
				INFOPLIST_KEY_UISupportedInterfaceOrientations_iPhone = "UIInterfaceOrientationPortrait UIInterfaceOrientationLandscapeLeft UIInterfaceOrientationLandscapeRight";
				LD_RUNPATH_SEARCH_PATHS = (
					"$(inherited)",
					"@executable_path/Frameworks",
				);
				MARKETING_VERSION = 1.0;
				PRODUCT_BUNDLE_IDENTIFIER = hanbiro.CryptoApp;
				PRODUCT_NAME = "$(TARGET_NAME)";
				SWIFT_EMIT_LOC_STRINGS = YES;
				SWIFT_VERSION = 5.0;
				TARGETED_DEVICE_FAMILY = "1,2";
			};
			name = Debug;
		};
		92D58BBE2ADE6B7A00E1B1F8 /* Release */ = {
			isa = XCBuildConfiguration;
			buildSettings = {
				ASSETCATALOG_COMPILER_APPICON_NAME = AppIcon;
				ASSETCATALOG_COMPILER_GLOBAL_ACCENT_COLOR_NAME = AccentColor;
				CODE_SIGN_STYLE = Automatic;
				CURRENT_PROJECT_VERSION = 1;
				DEVELOPMENT_ASSET_PATHS = "\"CryptoApp/Preview Content\"";
				ENABLE_PREVIEWS = YES;
				GENERATE_INFOPLIST_FILE = YES;
				INFOPLIST_KEY_UIApplicationSceneManifest_Generation = YES;
				INFOPLIST_KEY_UIApplicationSupportsIndirectInputEvents = YES;
				INFOPLIST_KEY_UILaunchScreen_Generation = YES;
				INFOPLIST_KEY_UISupportedInterfaceOrientations_iPad = "UIInterfaceOrientationPortrait UIInterfaceOrientationPortraitUpsideDown UIInterfaceOrientationLandscapeLeft UIInterfaceOrientationLandscapeRight";
				INFOPLIST_KEY_UISupportedInterfaceOrientations_iPhone = "UIInterfaceOrientationPortrait UIInterfaceOrientationLandscapeLeft UIInterfaceOrientationLandscapeRight";
				LD_RUNPATH_SEARCH_PATHS = (
					"$(inherited)",
					"@executable_path/Frameworks",
				);
				MARKETING_VERSION = 1.0;
				PRODUCT_BUNDLE_IDENTIFIER = hanbiro.CryptoApp;
				PRODUCT_NAME = "$(TARGET_NAME)";
				SWIFT_EMIT_LOC_STRINGS = YES;
				SWIFT_VERSION = 5.0;
				TARGETED_DEVICE_FAMILY = "1,2";
			};
			name = Release;
		};
/* End XCBuildConfiguration section */

/* Begin XCConfigurationList section */
		92D58BA92ADE6B7800E1B1F8 /* Build configuration list for PBXProject "CryptoApp" */ = {
			isa = XCConfigurationList;
			buildConfigurations = (
				92D58BBA2ADE6B7A00E1B1F8 /* Debug */,
				92D58BBB2ADE6B7A00E1B1F8 /* Release */,
			);
			defaultConfigurationIsVisible = 0;
			defaultConfigurationName = Release;
		};
		92D58BBC2ADE6B7A00E1B1F8 /* Build configuration list for PBXNativeTarget "CryptoApp" */ = {
			isa = XCConfigurationList;
			buildConfigurations = (
				92D58BBD2ADE6B7A00E1B1F8 /* Debug */,
				92D58BBE2ADE6B7A00E1B1F8 /* Release */,
			);
			defaultConfigurationIsVisible = 0;
			defaultConfigurationName = Release;
		};
/* End XCConfigurationList section */
	};
	rootObject = 92D58BA62ADE6B7800E1B1F8 /* Project object */;
}
